
Microsoft Visual Studio Solution File, Format Version 12.00
Project("{FAE04EC0-301F-11D3-BF4B-00C04F79EFBC}") = "NetworkInterfaceCommunicationEmulator", "NetworkInterfaceCommunicationEmulator\NetworkInterfaceCommunicationEmulator.csproj", "{33B23F45-F3FE-434A-B355-75A3FE0C2D28}"
EndProject
Global
	GlobalSection(SolutionConfigurationPlatforms) = preSolution
		Debug|Any CPU = Debug|Any CPU
		Release|Any CPU = Release|Any CPU
	EndGlobalSection
	GlobalSection(ProjectConfigurationPlatforms) = postSolution
		{33B23F45-F3FE-434A-B355-75A3FE0C2D28}.Debug|Any CPU.ActiveCfg = Debug|Any CPU
		{33B23F45-F3FE-434A-B355-75A3FE0C2D28}.Debug|Any CPU.Build.0 = Debug|Any CPU
		{33B23F45-F3FE-434A-B355-75A3FE0C2D28}.Release|Any CPU.ActiveCfg = Release|Any CPU
		{33B23F45-F3FE-434A-B355-75A3FE0C2D28}.Release|Any CPU.Build.0 = Release|Any CPU
	EndGlobalSection
EndGlobal
