
Microsoft Visual Studio Solution File, Format Version 12.00
Project("{FAE04EC0-301F-11D3-BF4B-00C04F79EFBC}") = "NetEmu", "NetEmu\NetEmu.csproj", "{E4922F1D-8FD8-45F5-B5DD-371CBB768C4D}"
EndProject
Project("{FAE04EC0-301F-11D3-BF4B-00C04F79EFBC}") = "NICE", "NICE\NICE.csproj", "{163B5298-B02D-4F71-A1D8-41B6E7FF0189}"
EndProject
Global
	GlobalSection(SolutionConfigurationPlatforms) = preSolution
		Debug|Any CPU = Debug|Any CPU
		Release|Any CPU = Release|Any CPU
	EndGlobalSection
	GlobalSection(ProjectConfigurationPlatforms) = postSolution
		{E4922F1D-8FD8-45F5-B5DD-371CBB768C4D}.Debug|Any CPU.ActiveCfg = Debug|Any CPU
		{E4922F1D-8FD8-45F5-B5DD-371CBB768C4D}.Debug|Any CPU.Build.0 = Debug|Any CPU
		{E4922F1D-8FD8-45F5-B5DD-371CBB768C4D}.Release|Any CPU.ActiveCfg = Release|Any CPU
		{E4922F1D-8FD8-45F5-B5DD-371CBB768C4D}.Release|Any CPU.Build.0 = Release|Any CPU
		{163B5298-B02D-4F71-A1D8-41B6E7FF0189}.Debug|Any CPU.ActiveCfg = Debug|Any CPU
		{163B5298-B02D-4F71-A1D8-41B6E7FF0189}.Debug|Any CPU.Build.0 = Debug|Any CPU
		{163B5298-B02D-4F71-A1D8-41B6E7FF0189}.Release|Any CPU.ActiveCfg = Release|Any CPU
		{163B5298-B02D-4F71-A1D8-41B6E7FF0189}.Release|Any CPU.Build.0 = Release|Any CPU
	EndGlobalSection
EndGlobal
